{
  "nodes": {
    "nixpkgs": {
      "locked": {
        "lastModified": 1617308282,
        "narHash": "sha256-qkW80yy38ulrbzSRxCTpVlFsrs4pTmqS2CEcS/UaobU=",
        "owner": "NixOS",
        "repo": "nixpkgs",
        "rev": "10cb06570625ffa2622b29550be07ce16d6e023b",
        "type": "github"
      },
      "original": {
        "owner": "NixOS",
        "repo": "nixpkgs",
        "type": "github"
      }
    },
    "root": {
      "inputs": {
        "nixpkgs": "nixpkgs"
      }
    }
  },
  "root": "root",
  "version": 7
}
