{
  "nodes": {
    "nixpkgs": {
      "locked": {
        "narHash": "sha256-QcUwwcca1JNSfubOo+aEybwcfrVtCW1nMtnCbebzTPA=",
        "path": "/nix/store/25m4wfsqi2wh9737s895l82k3kcg0jfb-source",
        "type": "path"
      },
      "original": {
        "id": "nixpkgs",
        "type": "indirect"
      }
    },
    "root": {
      "inputs": {
        "nixpkgs": "nixpkgs"
      }
    }
  },
  "root": "root",
  "version": 7
}
