{
  "nodes": {
    "nixpkgs": {
      "locked": {
        "narHash": "sha256-MSiq9tshOa1lJtVC1QSNXM0lT3lQWUOxQQ/nmPT+Mbg=",
        "path": "/nix/store/i17c4lmx29p2rhvy0vi56m2jsl891ijq-source",
        "type": "path"
      },
      "original": {
        "id": "nixpkgs",
        "type": "indirect"
      }
    },
    "root": {
      "inputs": {
        "nixpkgs": "nixpkgs"
      }
    }
  },
  "root": "root",
  "version": 7
}
