{
  "nodes": {
    "nixpkgs": {
      "locked": {
        "lastModified": 1620478564,
        "narHash": "sha256-RM+tW0pO8JVVRaxrJNuE9Vws4UtCqFXyxKgawAD/sUA=",
        "owner": "NixOS",
        "repo": "nixpkgs",
        "rev": "54fa457b258fb1ca4ad65554abdb6e382a8db815",
        "type": "github"
      },
      "original": {
        "owner": "NixOS",
        "repo": "nixpkgs",
        "type": "github"
      }
    },
    "root": {
      "inputs": {
        "nixpkgs": "nixpkgs"
      }
    }
  },
  "root": "root",
  "version": 7
}
