{
  "name": "@dev.mohe/crdt-lib",
  "version": "1.0.0",
  "lockfileVersion": 2,
  "requires": true,
  "packages": {
    "": {
      "name": "@dev.mohe/crdt-lib",
      "version": "1.0.0",
      "license": "AGPL-3.0-or-later",
      "dependencies": {
        "@dev.mohe/isomorphic-webcrypto": "^1.0.0"
      }
    },
    "node_modules/@dev.mohe/isomorphic-webcrypto": {
      "version": "1.0.0",
      "resolved": "https://registry.npmjs.org/@dev.mohe/isomorphic-webcrypto/-/isomorphic-webcrypto-1.0.0.tgz",
      "integrity": "sha512-fFxIbsly+vqW5Wp8LiBVhkWtwog6GamvMX40b4Th9R7JkvPJzFuv5JnpAHR3PhWzVOngPZDlau8VPIkTZifUJQ==",
      "engines": {
        "node": ">=15.0.0"
      }
    }
  },
  "dependencies": {
    "@dev.mohe/isomorphic-webcrypto": {
      "version": "1.0.0",
      "resolved": "https://registry.npmjs.org/@dev.mohe/isomorphic-webcrypto/-/isomorphic-webcrypto-1.0.0.tgz",
      "integrity": "sha512-fFxIbsly+vqW5Wp8LiBVhkWtwog6GamvMX40b4Th9R7JkvPJzFuv5JnpAHR3PhWzVOngPZDlau8VPIkTZifUJQ=="
    }
  }
}
